// !$*UTF8*$!
{
	archiveVersion = 1;
	classes = {
	};
	objectVersion = 48;
	objects = {

/* Begin PBXBuildFile section */
		49CAB9401FFF74E400E818CC /* AppDelegate.swift in Sources */ = {isa = PBXBuildFile; fileRef = 49CAB93F1FFF74E400E818CC /* AppDelegate.swift */; };
		49CAB9421FFF74E400E818CC /* ViewController.swift in Sources */ = {isa = PBXBuildFile; fileRef = 49CAB9411FFF74E400E818CC /* ViewController.swift */; };
		49CAB9451FFF74E400E818CC /* Main.storyboard in Resources */ = {isa = PBXBuildFile; fileRef = 49CAB9431FFF74E400E818CC /* Main.storyboard */; };
		49CAB9471FFF74E400E818CC /* Assets.xcassets in Resources */ = {isa = PBXBuildFile; fileRef = 49CAB9461FFF74E400E818CC /* Assets.xcassets */; };
		49CAB94A1FFF74E400E818CC /* LaunchScreen.storyboard in Resources */ = {isa = PBXBuildFile; fileRef = 49CAB9481FFF74E400E818CC /* LaunchScreen.storyboard */; };
		49CAB9571FFF750900E818CC /* 3.gif in Resources */ = {isa = PBXBuildFile; fileRef = 49CAB9511FFF750900E818CC /* 3.gif */; };
		49CAB9581FFF750900E818CC /* 4.gif in Resources */ = {isa = PBXBuildFile; fileRef = 49CAB9521FFF750900E818CC /* 4.gif */; };
		49CAB9591FFF750900E818CC /* 2.gif in Resources */ = {isa = PBXBuildFile; fileRef = 49CAB9531FFF750900E818CC /* 2.gif */; };
		49CAB95A1FFF750900E818CC /* 0.gif in Resources */ = {isa = PBXBuildFile; fileRef = 49CAB9541FFF750900E818CC /* 0.gif */; };
		49CAB95B1FFF750900E818CC /* 5.gif in Resources */ = {isa = PBXBuildFile; fileRef = 49CAB9551FFF750900E818CC /* 5.gif */; };
		49CAB95C1FFF750900E818CC /* 1.gif in Resources */ = {isa = PBXBuildFile; fileRef = 49CAB9561FFF750900E818CC /* 1.gif */; };
/* End PBXBuildFile section */

/* Begin PBXFileReference section */
		49CAB93C1FFF74E400E818CC /* Animation.app */ = {isa = PBXFileReference; explicitFileType = wrapper.application; includeInIndex = 0; path = Animation.app; sourceTree = BUILT_PRODUCTS_DIR; };
		49CAB93F1FFF74E400E818CC /* AppDelegate.swift */ = {isa = PBXFileReference; lastKnownFileType = sourcecode.swift; path = AppDelegate.swift; sourceTree = "<group>"; };
		49CAB9411FFF74E400E818CC /* ViewController.swift */ = {isa = PBXFileReference; lastKnownFileType = sourcecode.swift; path = ViewController.swift; sourceTree = "<group>"; };
		49CAB9441FFF74E400E818CC /* Base */ = {isa = PBXFileReference; lastKnownFileType = file.storyboard; name = Base; path = Base.lproj/Main.storyboard; sourceTree = "<group>"; };
		49CAB9461FFF74E400E818CC /* Assets.xcassets */ = {isa = PBXFileReference; lastKnownFileType = folder.assetcatalog; path = Assets.xcassets; sourceTree = "<group>"; };
		49CAB9491FFF74E400E818CC /* Base */ = {isa = PBXFileReference; lastKnownFileType = file.storyboard; name = Base; path = Base.lproj/LaunchScreen.storyboard; sourceTree = "<group>"; };
		49CAB94B1FFF74E400E818CC /* Info.plist */ = {isa = PBXFileReference; lastKnownFileType = text.plist.xml; path = Info.plist; sourceTree = "<group>"; };
		49CAB9511FFF750900E818CC /* 3.gif */ = {isa = PBXFileReference; lastKnownFileType = image.gif; path = 3.gif; sourceTree = "<group>"; };
		49CAB9521FFF750900E818CC /* 4.gif */ = {isa = PBXFileReference; lastKnownFileType = image.gif; path = 4.gif; sourceTree = "<group>"; };
		49CAB9531FFF750900E818CC /* 2.gif */ = {isa = PBXFileReference; lastKnownFileType = image.gif; path = 2.gif; sourceTree = "<group>"; };
		49CAB9541FFF750900E818CC /* 0.gif */ = {isa = PBXFileReference; lastKnownFileType = image.gif; path = 0.gif; sourceTree = "<group>"; };
		49CAB9551FFF750900E818CC /* 5.gif */ = {isa = PBXFileReference; lastKnownFileType = image.gif; path = 5.gif; sourceTree = "<group>"; };
		49CAB9561FFF750900E818CC /* 1.gif */ = {isa = PBXFileReference; lastKnownFileType = image.gif; path = 1.gif; sourceTree = "<group>"; };
/* End PBXFileReference section */

/* Begin PBXFrameworksBuildPhase section */
		49CAB9391FFF74E400E818CC /* Frameworks */ = {
			isa = PBXFrameworksBuildPhase;
			buildActionMask = 2147483647;
			files = (
			);
			runOnlyForDeploymentPostprocessing = 0;
		};
/* End PBXFrameworksBuildPhase section */

/* Begin PBXGroup section */
		49CAB9331FFF74E400E818CC = {
			isa = PBXGroup;
			children = (
				49CAB93E1FFF74E400E818CC /* Animation */,
				49CAB93D1FFF74E400E818CC /* Products */,
			);
			sourceTree = "<group>";
		};
		49CAB93D1FFF74E400E818CC /* Products */ = {
			isa = PBXGroup;
			children = (
				49CAB93C1FFF74E400E818CC /* Animation.app */,
			);
			name = Products;
			sourceTree = "<group>";
		};
		49CAB93E1FFF74E400E818CC /* Animation */ = {
			isa = PBXGroup;
			children = (
				49CAB9541FFF750900E818CC /* 0.gif */,
				49CAB9561FFF750900E818CC /* 1.gif */,
				49CAB9531FFF750900E818CC /* 2.gif */,
				49CAB9511FFF750900E818CC /* 3.gif */,
				49CAB9521FFF750900E818CC /* 4.gif */,
				49CAB9551FFF750900E818CC /* 5.gif */,
				49CAB93F1FFF74E400E818CC /* AppDelegate.swift */,
				49CAB9411FFF74E400E818CC /* ViewController.swift */,
				49CAB9431FFF74E400E818CC /* Main.storyboard */,
				49CAB9461FFF74E400E818CC /* Assets.xcassets */,
				49CAB9481FFF74E400E818CC /* LaunchScreen.storyboard */,
				49CAB94B1FFF74E400E818CC /* Info.plist */,
			);
			path = Animation;
			sourceTree = "<group>";
		};
/* End PBXGroup section */

/* Begin PBXNativeTarget section */
		49CAB93B1FFF74E400E818CC /* Animation */ = {
			isa = PBXNativeTarget;
			buildConfigurationList = 49CAB94E1FFF74E400E818CC /* Build configuration list for PBXNativeTarget "Animation" */;
			buildPhases = (
				49CAB9381FFF74E400E818CC /* Sources */,
				49CAB9391FFF74E400E818CC /* Frameworks */,
				49CAB93A1FFF74E400E818CC /* Resources */,
			);
			buildRules = (
			);
			dependencies = (
			);
			name = Animation;
			productName = Animation;
			productReference = 49CAB93C1FFF74E400E818CC /* Animation.app */;
			productType = "com.apple.product-type.application";
		};
/* End PBXNativeTarget section */

/* Begin PBXProject section */
		49CAB9341FFF74E400E818CC /* Project object */ = {
			isa = PBXProject;
			attributes = {
				LastSwiftUpdateCheck = 0920;
				LastUpgradeCheck = 0920;
				ORGANIZATIONNAME = "Saw Pyae Yadanar";
				TargetAttributes = {
					49CAB93B1FFF74E400E818CC = {
						CreatedOnToolsVersion = 9.2;
						ProvisioningStyle = Automatic;
					};
				};
			};
			buildConfigurationList = 49CAB9371FFF74E400E818CC /* Build configuration list for PBXProject "Animation" */;
			compatibilityVersion = "Xcode 8.0";
			developmentRegion = en;
			hasScannedForEncodings = 0;
			knownRegions = (
				en,
				Base,
			);
			mainGroup = 49CAB9331FFF74E400E818CC;
			productRefGroup = 49CAB93D1FFF74E400E818CC /* Products */;
			projectDirPath = "";
			projectRoot = "";
			targets = (
				49CAB93B1FFF74E400E818CC /* Animation */,
			);
		};
/* End PBXProject section */

/* Begin PBXResourcesBuildPhase section */
		49CAB93A1FFF74E400E818CC /* Resources */ = {
			isa = PBXResourcesBuildPhase;
			buildActionMask = 2147483647;
			files = (
				49CAB9571FFF750900E818CC /* 3.gif in Resources */,
				49CAB95A1FFF750900E818CC /* 0.gif in Resources */,
				49CAB94A1FFF74E400E818CC /* LaunchScreen.storyboard in Resources */,
				49CAB9581FFF750900E818CC /* 4.gif in Resources */,
				49CAB9591FFF750900E818CC /* 2.gif in Resources */,
				49CAB9471FFF74E400E818CC /* Assets.xcassets in Resources */,
				49CAB95C1FFF750900E818CC /* 1.gif in Resources */,
				49CAB95B1FFF750900E818CC /* 5.gif in Resources */,
				49CAB9451FFF74E400E818CC /* Main.storyboard in Resources */,
			);
			runOnlyForDeploymentPostprocessing = 0;
		};
/* End PBXResourcesBuildPhase section */

/* Begin PBXSourcesBuildPhase section */
		49CAB9381FFF74E400E818CC /* Sources */ = {
			isa = PBXSourcesBuildPhase;
			buildActionMask = 2147483647;
			files = (
				49CAB9421FFF74E400E818CC /* ViewController.swift in Sources */,
				49CAB9401FFF74E400E818CC /* AppDelegate.swift in Sources */,
			);
			runOnlyForDeploymentPostprocessing = 0;
		};
/* End PBXSourcesBuildPhase section */

/* Begin PBXVariantGroup section */
		49CAB9431FFF74E400E818CC /* Main.storyboard */ = {
			isa = PBXVariantGroup;
			children = (
				49CAB9441FFF74E400E818CC /* Base */,
			);
			name = Main.storyboard;
			sourceTree = "<group>";
		};
		49CAB9481FFF74E400E818CC /* LaunchScreen.storyboard */ = {
			isa = PBXVariantGroup;
			children = (
				49CAB9491FFF74E400E818CC /* Base */,
			);
			name = LaunchScreen.storyboard;
			sourceTree = "<group>";
		};
/* End PBXVariantGroup section */

/* Begin XCBuildConfiguration section */
		49CAB94C1FFF74E400E818CC /* Debug */ = {
			isa = XCBuildConfiguration;
			buildSettings = {
				ALWAYS_SEARCH_USER_PATHS = NO;
				CLANG_ANALYZER_NONNULL = YES;
				CLANG_ANALYZER_NUMBER_OBJECT_CONVERSION = YES_AGGRESSIVE;
				CLANG_CXX_LANGUAGE_STANDARD = "gnu++14";
				CLANG_CXX_LIBRARY = "libc++";
				CLANG_ENABLE_MODULES = YES;
				CLANG_ENABLE_OBJC_ARC = YES;
				CLANG_WARN_BLOCK_CAPTURE_AUTORELEASING = YES;
				CLANG_WARN_BOOL_CONVERSION = YES;
				CLANG_WARN_COMMA = YES;
				CLANG_WARN_CONSTANT_CONVERSION = YES;
				CLANG_WARN_DIRECT_OBJC_ISA_USAGE = YES_ERROR;
				CLANG_WARN_DOCUMENTATION_COMMENTS = YES;
				CLANG_WARN_EMPTY_BODY = YES;
				CLANG_WARN_ENUM_CONVERSION = YES;
				CLANG_WARN_INFINITE_RECURSION = YES;
				CLANG_WARN_INT_CONVERSION = YES;
				CLANG_WARN_NON_LITERAL_NULL_CONVERSION = YES;
				CLANG_WARN_OBJC_LITERAL_CONVERSION = YES;
				CLANG_WARN_OBJC_ROOT_CLASS = YES_ERROR;
				CLANG_WARN_RANGE_LOOP_ANALYSIS = YES;
				CLANG_WARN_STRICT_PROTOTYPES = YES;
				CLANG_WARN_SUSPICIOUS_MOVE = YES;
				CLANG_WARN_UNGUARDED_AVAILABILITY = YES_AGGRESSIVE;
				CLANG_WARN_UNREACHABLE_CODE = YES;
				CLANG_WARN__DUPLICATE_METHOD_MATCH = YES;
				CODE_SIGN_IDENTITY = "iPhone Developer";
				COPY_PHASE_STRIP = NO;
				DEBUG_INFORMATION_FORMAT = dwarf;
				ENABLE_STRICT_OBJC_MSGSEND = YES;
				ENABLE_TESTABILITY = YES;
				GCC_C_LANGUAGE_STANDARD = gnu11;
				GCC_DYNAMIC_NO_PIC = NO;
				GCC_NO_COMMON_BLOCKS = YES;
				GCC_OPTIMIZATION_LEVEL = 0;
				GCC_PREPROCESSOR_DEFINITIONS = (
					"DEBUG=1",
					"$(inherited)",
				);
				GCC_WARN_64_TO_32_BIT_CONVERSION = YES;
				GCC_WARN_ABOUT_RETURN_TYPE = YES_ERROR;
				GCC_WARN_UNDECLARED_SELECTOR = YES;
				GCC_WARN_UNINITIALIZED_AUTOS = YES_AGGRESSIVE;
				GCC_WARN_UNUSED_FUNCTION = YES;
				GCC_WARN_UNUSED_VARIABLE = YES;
				IPHONEOS_DEPLOYMENT_TARGET = 11.2;
				MTL_ENABLE_DEBUG_INFO = YES;
				ONLY_ACTIVE_ARCH = YES;
				SDKROOT = iphoneos;
				SWIFT_ACTIVE_COMPILATION_CONDITIONS = DEBUG;
				SWIFT_OPTIMIZATION_LEVEL = "-Onone";
			};
			name = Debug;
		};
		49CAB94D1FFF74E400E818CC /* Release */ = {
			isa = XCBuildConfiguration;
			buildSettings = {
				ALWAYS_SEARCH_USER_PATHS = NO;
				CLANG_ANALYZER_NONNULL = YES;
				CLANG_ANALYZER_NUMBER_OBJECT_CONVERSION = YES_AGGRESSIVE;
				CLANG_CXX_LANGUAGE_STANDARD = "gnu++14";
				CLANG_CXX_LIBRARY = "libc++";
				CLANG_ENABLE_MODULES = YES;
				CLANG_ENABLE_OBJC_ARC = YES;
				CLANG_WARN_BLOCK_CAPTURE_AUTORELEASING = YES;
				CLANG_WARN_BOOL_CONVERSION = YES;
				CLANG_WARN_COMMA = YES;
				CLANG_WARN_CONSTANT_CONVERSION = YES;
				CLANG_WARN_DIRECT_OBJC_ISA_USAGE = YES_ERROR;
				CLANG_WARN_DOCUMENTATION_COMMENTS = YES;
				CLANG_WARN_EMPTY_BODY = YES;
				CLANG_WARN_ENUM_CONVERSION = YES;
				CLANG_WARN_INFINITE_RECURSION = YES;
				CLANG_WARN_INT_CONVERSION = YES;
				CLANG_WARN_NON_LITERAL_NULL_CONVERSION = YES;
				CLANG_WARN_OBJC_LITERAL_CONVERSION = YES;
				CLANG_WARN_OBJC_ROOT_CLASS = YES_ERROR;
				CLANG_WARN_RANGE_LOOP_ANALYSIS = YES;
				CLANG_WARN_STRICT_PROTOTYPES = YES;
				CLANG_WARN_SUSPICIOUS_MOVE = YES;
				CLANG_WARN_UNGUARDED_AVAILABILITY = YES_AGGRESSIVE;
				CLANG_WARN_UNREACHABLE_CODE = YES;
				CLANG_WARN__DUPLICATE_METHOD_MATCH = YES;
				CODE_SIGN_IDENTITY = "iPhone Developer";
				COPY_PHASE_STRIP = NO;
				DEBUG_INFORMATION_FORMAT = "dwarf-with-dsym";
				ENABLE_NS_ASSERTIONS = NO;
				ENABLE_STRICT_OBJC_MSGSEND = YES;
				GCC_C_LANGUAGE_STANDARD = gnu11;
				GCC_NO_COMMON_BLOCKS = YES;
				GCC_WARN_64_TO_32_BIT_CONVERSION = YES;
				GCC_WARN_ABOUT_RETURN_TYPE = YES_ERROR;
				GCC_WARN_UNDECLARED_SELECTOR = YES;
				GCC_WARN_UNINITIALIZED_AUTOS = YES_AGGRESSIVE;
				GCC_WARN_UNUSED_FUNCTION = YES;
				GCC_WARN_UNUSED_VARIABLE = YES;
				IPHONEOS_DEPLOYMENT_TARGET = 11.2;
				MTL_ENABLE_DEBUG_INFO = NO;
				SDKROOT = iphoneos;
				SWIFT_OPTIMIZATION_LEVEL = "-Owholemodule";
				VALIDATE_PRODUCT = YES;
			};
			name = Release;
		};
		49CAB94F1FFF74E400E818CC /* Debug */ = {
			isa = XCBuildConfiguration;
			buildSettings = {
				ASSETCATALOG_COMPILER_APPICON_NAME = AppIcon;
				CODE_SIGN_STYLE = Automatic;
				DEVELOPMENT_TEAM = 3PG68J5U3J;
				INFOPLIST_FILE = Animation/Info.plist;
				LD_RUNPATH_SEARCH_PATHS = "$(inherited) @executable_path/Frameworks";
				PRODUCT_BUNDLE_IDENTIFIER = com.animations.Animation;
				PRODUCT_NAME = "$(TARGET_NAME)";
				SWIFT_VERSION = 4.0;
				TARGETED_DEVICE_FAMILY = "1,2";
			};
			name = Debug;
		};
		49CAB9501FFF74E400E818CC /* Release */ = {
			isa = XCBuildConfiguration;
			buildSettings = {
				ASSETCATALOG_COMPILER_APPICON_NAME = AppIcon;
				CODE_SIGN_STYLE = Automatic;
				DEVELOPMENT_TEAM = 3PG68J5U3J;
				INFOPLIST_FILE = Animation/Info.plist;
				LD_RUNPATH_SEARCH_PATHS = "$(inherited) @executable_path/Frameworks";
				PRODUCT_BUNDLE_IDENTIFIER = com.animations.Animation;
				PRODUCT_NAME = "$(TARGET_NAME)";
				SWIFT_VERSION = 4.0;
				TARGETED_DEVICE_FAMILY = "1,2";
			};
			name = Release;
		};
/* End XCBuildConfiguration section */

/* Begin XCConfigurationList section */
		49CAB9371FFF74E400E818CC /* Build configuration list for PBXProject "Animation" */ = {
			isa = XCConfigurationList;
			buildConfigurations = (
				49CAB94C1FFF74E400E818CC /* Debug */,
				49CAB94D1FFF74E400E818CC /* Release */,
			);
			defaultConfigurationIsVisible = 0;
			defaultConfigurationName = Release;
		};
		49CAB94E1FFF74E400E818CC /* Build configuration list for PBXNativeTarget "Animation" */ = {
			isa = XCConfigurationList;
			buildConfigurations = (
				49CAB94F1FFF74E400E818CC /* Debug */,
				49CAB9501FFF74E400E818CC /* Release */,
			);
			defaultConfigurationIsVisible = 0;
			defaultConfigurationName = Release;
		};
/* End XCConfigurationList section */
	};
	rootObject = 49CAB9341FFF74E400E818CC /* Project object */;
}
